# @generated by Move, please check-in and do not edit manually.

[move]
version = 3
manifest_digest = "5B7D32763D1EF01CE477D664C76B4E257D0C1C925355E509ED4A9C6FF0E8424B"
deps_digest = "F8BBB0CCB2491CA29A3DF03D6F92277A4F3574266507ACD77214D37ECA3F3082"
dependencies = [
  { id = "Sui", name = "Sui" },
]

[[move.package]]
id = "MoveStdlib"
source = { git = "https://github.com/MystenLabs/sui.git", rev = "framework/testnet", subdir = "crates/sui-framework/packages/move-stdlib" }

[[move.package]]
id = "Sui"
source = { git = "https://github.com/MystenLabs/sui.git", rev = "framework/testnet", subdir = "crates/sui-framework/packages/sui-framework" }

dependencies = [
  { id = "MoveStdlib", name = "MoveStdlib" },
]

[move.toolchain-version]
compiler-version = "1.49.2"
edition = "2024.beta"
flavor = "sui"

[env]

[env.testnet]
chain-id = "4c78adac"
original-published-id = "0xf40c5c3293fe7213a0805d79a3349cce0654644a314b49262ef07a28e8b9c14a"
latest-published-id = "0xf40c5c3293fe7213a0805d79a3349cce0654644a314b49262ef07a28e8b9c14a"
published-version = "1"
